
Microsoft Visual Studio Solution File, Format Version 12.00
# Visual Studio Version 17
VisualStudioVersion = 17.8.34525.116
MinimumVisualStudioVersion = 10.0.40219.1
Project("{FAE04EC0-301F-11D3-BF4B-00C04F79EFBC}") = "AplicaciónDescuento", "AplicaciónDescuento\AplicaciónDescuento.csproj", "{ED5AC0C0-7C6E-40A7-8550-3212FC894286}"
EndProject
Global
	GlobalSection(SolutionConfigurationPlatforms) = preSolution
		Debug|Any CPU = Debug|Any CPU
		Release|Any CPU = Release|Any CPU
	EndGlobalSection
	GlobalSection(ProjectConfigurationPlatforms) = postSolution
		{ED5AC0C0-7C6E-40A7-8550-3212FC894286}.Debug|Any CPU.ActiveCfg = Debug|Any CPU
		{ED5AC0C0-7C6E-40A7-8550-3212FC894286}.Debug|Any CPU.Build.0 = Debug|Any CPU
		{ED5AC0C0-7C6E-40A7-8550-3212FC894286}.Release|Any CPU.ActiveCfg = Release|Any CPU
		{ED5AC0C0-7C6E-40A7-8550-3212FC894286}.Release|Any CPU.Build.0 = Release|Any CPU
	EndGlobalSection
	GlobalSection(SolutionProperties) = preSolution
		HideSolutionNode = FALSE
	EndGlobalSection
	GlobalSection(ExtensibilityGlobals) = postSolution
		SolutionGuid = {0B0D0E7B-C7D0-4D94-BB7F-5A25FB67D2FE}
	EndGlobalSection
EndGlobal
